
Microsoft Visual Studio Solution File, Format Version 12.00
# Visual Studio 15
VisualStudioVersion = 15.0.28307.1000
MinimumVisualStudioVersion = 10.0.40219.1
Project("{FAE04EC0-301F-11D3-BF4B-00C04F79EFBC}") = "WindowsMidterm", "WindowsMidterm\WindowsMidterm.csproj", "{869027FD-7BE5-4C84-9FBF-C550C0DD7941}"
EndProject
Global
	GlobalSection(SolutionConfigurationPlatforms) = preSolution
		Debug|Any CPU = Debug|Any CPU
		Release|Any CPU = Release|Any CPU
	EndGlobalSection
	GlobalSection(ProjectConfigurationPlatforms) = postSolution
		{869027FD-7BE5-4C84-9FBF-C550C0DD7941}.Debug|Any CPU.ActiveCfg = Debug|Any CPU
		{869027FD-7BE5-4C84-9FBF-C550C0DD7941}.Debug|Any CPU.Build.0 = Debug|Any CPU
		{869027FD-7BE5-4C84-9FBF-C550C0DD7941}.Release|Any CPU.ActiveCfg = Release|Any CPU
		{869027FD-7BE5-4C84-9FBF-C550C0DD7941}.Release|Any CPU.Build.0 = Release|Any CPU
	EndGlobalSection
	GlobalSection(SolutionProperties) = preSolution
		HideSolutionNode = FALSE
	EndGlobalSection
	GlobalSection(ExtensibilityGlobals) = postSolution
		SolutionGuid = {1C43F46F-4B03-4B17-9205-67A9163C2E79}
	EndGlobalSection
EndGlobal
